
Microsoft Visual Studio Solution File, Format Version 12.00
# Visual Studio Version 17
VisualStudioVersion = 17.5.002.0
MinimumVisualStudioVersion = 10.0.40219.1
Project("{9A19103F-16F7-4668-BE54-9A1E7A4F7556}") = "p1480-RunningSum", "p1480-RunningSum.csproj", "{E34DE15F-9069-48B8-B257-4467BBB55C00}"
EndProject
Global
	GlobalSection(SolutionConfigurationPlatforms) = preSolution
		Debug|Any CPU = Debug|Any CPU
		Release|Any CPU = Release|Any CPU
	EndGlobalSection
	GlobalSection(ProjectConfigurationPlatforms) = postSolution
		{E34DE15F-9069-48B8-B257-4467BBB55C00}.Debug|Any CPU.ActiveCfg = Debug|Any CPU
		{E34DE15F-9069-48B8-B257-4467BBB55C00}.Debug|Any CPU.Build.0 = Debug|Any CPU
		{E34DE15F-9069-48B8-B257-4467BBB55C00}.Release|Any CPU.ActiveCfg = Release|Any CPU
		{E34DE15F-9069-48B8-B257-4467BBB55C00}.Release|Any CPU.Build.0 = Release|Any CPU
	EndGlobalSection
	GlobalSection(SolutionProperties) = preSolution
		HideSolutionNode = FALSE
	EndGlobalSection
	GlobalSection(ExtensibilityGlobals) = postSolution
		SolutionGuid = {F28E082D-7E9E-4495-9477-3FCFE9B4C2E9}
	EndGlobalSection
EndGlobal
